
Microsoft Visual Studio Solution File, Format Version 12.00
# Visual Studio Version 16
VisualStudioVersion = 16.0.30225.117
MinimumVisualStudioVersion = 10.0.40219.1
Project("{FAE04EC0-301F-11D3-BF4B-00C04F79EFBC}") = "ProjectConsiderateEuropium.Server", "ProjectConsiderateEuropium\Server\ProjectConsiderateEuropium.Server.csproj", "{C4E01ADC-DF58-43C0-9522-C3F6FEBD9336}"
EndProject
Project("{FAE04EC0-301F-11D3-BF4B-00C04F79EFBC}") = "ProjectConsiderateEuropium.Client", "ProjectConsiderateEuropium\Client\ProjectConsiderateEuropium.Client.csproj", "{3CF94211-3F07-4238-AADC-39F3DDD47828}"
EndProject
Project("{FAE04EC0-301F-11D3-BF4B-00C04F79EFBC}") = "ProjectConsiderateEuropium.Shared", "ProjectConsiderateEuropium\Shared\ProjectConsiderateEuropium.Shared.csproj", "{A837E3C2-544D-4CD7-92D7-12B10758A947}"
EndProject
Global
	GlobalSection(SolutionConfigurationPlatforms) = preSolution
		Debug|Any CPU = Debug|Any CPU
		Release|Any CPU = Release|Any CPU
	EndGlobalSection
	GlobalSection(ProjectConfigurationPlatforms) = postSolution
		{C4E01ADC-DF58-43C0-9522-C3F6FEBD9336}.Debug|Any CPU.ActiveCfg = Debug|Any CPU
		{C4E01ADC-DF58-43C0-9522-C3F6FEBD9336}.Debug|Any CPU.Build.0 = Debug|Any CPU
		{C4E01ADC-DF58-43C0-9522-C3F6FEBD9336}.Release|Any CPU.ActiveCfg = Release|Any CPU
		{C4E01ADC-DF58-43C0-9522-C3F6FEBD9336}.Release|Any CPU.Build.0 = Release|Any CPU
		{3CF94211-3F07-4238-AADC-39F3DDD47828}.Debug|Any CPU.ActiveCfg = Debug|Any CPU
		{3CF94211-3F07-4238-AADC-39F3DDD47828}.Debug|Any CPU.Build.0 = Debug|Any CPU
		{3CF94211-3F07-4238-AADC-39F3DDD47828}.Release|Any CPU.ActiveCfg = Release|Any CPU
		{3CF94211-3F07-4238-AADC-39F3DDD47828}.Release|Any CPU.Build.0 = Release|Any CPU
		{A837E3C2-544D-4CD7-92D7-12B10758A947}.Debug|Any CPU.ActiveCfg = Debug|Any CPU
		{A837E3C2-544D-4CD7-92D7-12B10758A947}.Debug|Any CPU.Build.0 = Debug|Any CPU
		{A837E3C2-544D-4CD7-92D7-12B10758A947}.Release|Any CPU.ActiveCfg = Release|Any CPU
		{A837E3C2-544D-4CD7-92D7-12B10758A947}.Release|Any CPU.Build.0 = Release|Any CPU
	EndGlobalSection
	GlobalSection(SolutionProperties) = preSolution
		HideSolutionNode = FALSE
	EndGlobalSection
	GlobalSection(ExtensibilityGlobals) = postSolution
		SolutionGuid = {0DA6E542-08BF-4E0A-B88B-BBF8E1AFE38F}
	EndGlobalSection
EndGlobal
